
Microsoft Visual Studio Solution File, Format Version 12.00
# Visual Studio Version 17
VisualStudioVersion = 17.14.36414.22 d17.14
MinimumVisualStudioVersion = 10.0.40219.1
Project("{FAE04EC0-301F-11D3-BF4B-00C04F79EFBC}") = "AppFitTrack", "AppFitTrack\AppFitTrack.csproj", "{8972DB25-90D2-48D3-8766-3B783F1042E8}"
EndProject
Global
	GlobalSection(SolutionConfigurationPlatforms) = preSolution
		Debug|Any CPU = Debug|Any CPU
		Release|Any CPU = Release|Any CPU
	EndGlobalSection
	GlobalSection(ProjectConfigurationPlatforms) = postSolution
		{8972DB25-90D2-48D3-8766-3B783F1042E8}.Debug|Any CPU.ActiveCfg = Debug|Any CPU
		{8972DB25-90D2-48D3-8766-3B783F1042E8}.Debug|Any CPU.Build.0 = Debug|Any CPU
		{8972DB25-90D2-48D3-8766-3B783F1042E8}.Release|Any CPU.ActiveCfg = Release|Any CPU
		{8972DB25-90D2-48D3-8766-3B783F1042E8}.Release|Any CPU.Build.0 = Release|Any CPU
	EndGlobalSection
	GlobalSection(SolutionProperties) = preSolution
		HideSolutionNode = FALSE
	EndGlobalSection
	GlobalSection(ExtensibilityGlobals) = postSolution
		SolutionGuid = {67BF00FD-D4FF-40CC-9947-4AAFC0A0919A}
	EndGlobalSection
EndGlobal
